// !$*UTF8*$!
{
	archiveVersion = 1;
	classes = {
	};
	objectVersion = 46;
	objects = {

/* Begin PBXBuildFile section */
		50E1C79129993707007F1020 /* ImageSliderView.swift in Sources */ = {isa = PBXBuildFile; fileRef = 50E1C79029993707007F1020 /* ImageSliderView.swift */; };
		50E1C793299938F3007F1020 /* ImageCell.swift in Sources */ = {isa = PBXBuildFile; fileRef = 50E1C792299938F3007F1020 /* ImageCell.swift */; };
		50E1C899299A23F4007F1020 /* UIImageViewExtension.swift in Sources */ = {isa = PBXBuildFile; fileRef = 50E1C898299A23F4007F1020 /* UIImageViewExtension.swift */; };
		50E1C952299A3791007F1020 /* NSButton+Kingfisher.swift in Sources */ = {isa = PBXBuildFile; fileRef = 50E1C915299A378E007F1020 /* NSButton+Kingfisher.swift */; };
		50E1C953299A3791007F1020 /* ImageProcessor.swift in Sources */ = {isa = PBXBuildFile; fileRef = 50E1C916299A378E007F1020 /* ImageProcessor.swift */; };
		50E1C954299A3791007F1020 /* KingfisherOptionsInfo.swift in Sources */ = {isa = PBXBuildFile; fileRef = 50E1C917299A378E007F1020 /* KingfisherOptionsInfo.swift */; };
		50E1C955299A3791007F1020 /* Source.swift in Sources */ = {isa = PBXBuildFile; fileRef = 50E1C918299A378E007F1020 /* Source.swift */; };
		50E1C956299A3791007F1020 /* ImageFormat.swift in Sources */ = {isa = PBXBuildFile; fileRef = 50E1C919299A378E007F1020 /* ImageFormat.swift */; };
		50E1C957299A3791007F1020 /* ImageDataProcessor.swift in Sources */ = {isa = PBXBuildFile; fileRef = 50E1C91A299A378F007F1020 /* ImageDataProcessor.swift */; };
		50E1C958299A3791007F1020 /* SizeExtensions.swift in Sources */ = {isa = PBXBuildFile; fileRef = 50E1C91B299A378F007F1020 /* SizeExtensions.swift */; };
		50E1C959299A3791007F1020 /* ImageProgressive.swift in Sources */ = {isa = PBXBuildFile; fileRef = 50E1C91C299A378F007F1020 /* ImageProgressive.swift */; };
		50E1C95A299A3791007F1020 /* CacheSerializer.swift in Sources */ = {isa = PBXBuildFile; fileRef = 50E1C91D299A378F007F1020 /* CacheSerializer.swift */; };
		50E1C95B299A3791007F1020 /* CallbackQueue.swift in Sources */ = {isa = PBXBuildFile; fileRef = 50E1C91E299A378F007F1020 /* CallbackQueue.swift */; };
		50E1C95C299A3791007F1020 /* ImageDrawing.swift in Sources */ = {isa = PBXBuildFile; fileRef = 50E1C91F299A378F007F1020 /* ImageDrawing.swift */; };
		50E1C95D299A3791007F1020 /* Image.swift in Sources */ = {isa = PBXBuildFile; fileRef = 50E1C920299A378F007F1020 /* Image.swift */; };
		50E1C95E299A3791007F1020 /* Delegate.swift in Sources */ = {isa = PBXBuildFile; fileRef = 50E1C921299A378F007F1020 /* Delegate.swift */; };
		50E1C95F299A3791007F1020 /* ImageDownloaderDelegate.swift in Sources */ = {isa = PBXBuildFile; fileRef = 50E1C922299A378F007F1020 /* ImageDownloaderDelegate.swift */; };
		50E1C960299A3791007F1020 /* Resource.swift in Sources */ = {isa = PBXBuildFile; fileRef = 50E1C923299A378F007F1020 /* Resource.swift */; };
		50E1C961299A3791007F1020 /* Placeholder.swift in Sources */ = {isa = PBXBuildFile; fileRef = 50E1C924299A378F007F1020 /* Placeholder.swift */; };
		50E1C962299A3791007F1020 /* ImageModifier.swift in Sources */ = {isa = PBXBuildFile; fileRef = 50E1C925299A378F007F1020 /* ImageModifier.swift */; };
		50E1C963299A3791007F1020 /* Runtime.swift in Sources */ = {isa = PBXBuildFile; fileRef = 50E1C926299A378F007F1020 /* Runtime.swift */; };
		50E1C964299A3791007F1020 /* KFOptionsSetter.swift in Sources */ = {isa = PBXBuildFile; fileRef = 50E1C927299A378F007F1020 /* KFOptionsSetter.swift */; };
		50E1C965299A3791007F1020 /* ImageView+Kingfisher.swift in Sources */ = {isa = PBXBuildFile; fileRef = 50E1C928299A378F007F1020 /* ImageView+Kingfisher.swift */; };
		50E1C966299A3791007F1020 /* Box.swift in Sources */ = {isa = PBXBuildFile; fileRef = 50E1C929299A378F007F1020 /* Box.swift */; };
		50E1C967299A3791007F1020 /* ImageDownloader.swift in Sources */ = {isa = PBXBuildFile; fileRef = 50E1C92A299A378F007F1020 /* ImageDownloader.swift */; };
		50E1C968299A3791007F1020 /* KFImageRenderer.swift in Sources */ = {isa = PBXBuildFile; fileRef = 50E1C92B299A378F007F1020 /* KFImageRenderer.swift */; };
		50E1C969299A3791007F1020 /* AVAssetImageDataProvider.swift in Sources */ = {isa = PBXBuildFile; fileRef = 50E1C92C299A378F007F1020 /* AVAssetImageDataProvider.swift */; };
		50E1C96A299A3791007F1020 /* KFAnimatedImage.swift in Sources */ = {isa = PBXBuildFile; fileRef = 50E1C92D299A378F007F1020 /* KFAnimatedImage.swift */; };
		50E1C96B299A3791007F1020 /* RedirectHandler.swift in Sources */ = {isa = PBXBuildFile; fileRef = 50E1C92E299A378F007F1020 /* RedirectHandler.swift */; };
		50E1C96C299A3791007F1020 /* ExtensionHelpers.swift in Sources */ = {isa = PBXBuildFile; fileRef = 50E1C92F299A378F007F1020 /* ExtensionHelpers.swift */; };
		50E1C96D299A3791007F1020 /* AnimatedImageView.swift in Sources */ = {isa = PBXBuildFile; fileRef = 50E1C930299A3790007F1020 /* AnimatedImageView.swift */; };
		50E1C96E299A3791007F1020 /* GraphicsContext.swift in Sources */ = {isa = PBXBuildFile; fileRef = 50E1C931299A3790007F1020 /* GraphicsContext.swift */; };
		50E1C96F299A3791007F1020 /* KingfisherError.swift in Sources */ = {isa = PBXBuildFile; fileRef = 50E1C932299A3790007F1020 /* KingfisherError.swift */; };
		50E1C970299A3791007F1020 /* ImageCache.swift in Sources */ = {isa = PBXBuildFile; fileRef = 50E1C933299A3790007F1020 /* ImageCache.swift */; };
		50E1C971299A3791007F1020 /* KFImageProtocol.swift in Sources */ = {isa = PBXBuildFile; fileRef = 50E1C934299A3790007F1020 /* KFImageProtocol.swift */; };
		50E1C972299A3791007F1020 /* SessionDelegate.swift in Sources */ = {isa = PBXBuildFile; fileRef = 50E1C935299A3790007F1020 /* SessionDelegate.swift */; };
		50E1C973299A3791007F1020 /* ImageTransition.swift in Sources */ = {isa = PBXBuildFile; fileRef = 50E1C936299A3790007F1020 /* ImageTransition.swift */; };
		50E1C974299A3791007F1020 /* ImageDataProvider.swift in Sources */ = {isa = PBXBuildFile; fileRef = 50E1C937299A3790007F1020 /* ImageDataProvider.swift */; };
		50E1C975299A3791007F1020 /* RetryStrategy.swift in Sources */ = {isa = PBXBuildFile; fileRef = 50E1C938299A3790007F1020 /* RetryStrategy.swift */; };
		50E1C976299A3791007F1020 /* TVMonogramView+Kingfisher.swift in Sources */ = {isa = PBXBuildFile; fileRef = 50E1C939299A3790007F1020 /* TVMonogramView+Kingfisher.swift */; };
		50E1C977299A3791007F1020 /* ImagePrefetcher.swift in Sources */ = {isa = PBXBuildFile; fileRef = 50E1C93A299A3790007F1020 /* ImagePrefetcher.swift */; };
		50E1C978299A3791007F1020 /* AuthenticationChallengeResponsable.swift in Sources */ = {isa = PBXBuildFile; fileRef = 50E1C93B299A3790007F1020 /* AuthenticationChallengeResponsable.swift */; };
		50E1C979299A3791007F1020 /* UIButton+Kingfisher.swift in Sources */ = {isa = PBXBuildFile; fileRef = 50E1C93C299A3790007F1020 /* UIButton+Kingfisher.swift */; };
		50E1C97A299A3791007F1020 /* Result.swift in Sources */ = {isa = PBXBuildFile; fileRef = 50E1C93D299A3790007F1020 /* Result.swift */; };
		50E1C97B299A3791007F1020 /* CPListItem+Kingfisher.swift in Sources */ = {isa = PBXBuildFile; fileRef = 50E1C93E299A3790007F1020 /* CPListItem+Kingfisher.swift */; };
		50E1C97C299A3791007F1020 /* KingfisherManager.swift in Sources */ = {isa = PBXBuildFile; fileRef = 50E1C93F299A3790007F1020 /* KingfisherManager.swift */; };
		50E1C97D299A3791007F1020 /* RequestModifier.swift in Sources */ = {isa = PBXBuildFile; fileRef = 50E1C940299A3790007F1020 /* RequestModifier.swift */; };
		50E1C97E299A3791007F1020 /* MemoryStorage.swift in Sources */ = {isa = PBXBuildFile; fileRef = 50E1C941299A3790007F1020 /* MemoryStorage.swift */; };
		50E1C97F299A3791007F1020 /* Kingfisher.swift in Sources */ = {isa = PBXBuildFile; fileRef = 50E1C942299A3790007F1020 /* Kingfisher.swift */; };
		50E1C980299A3791007F1020 /* ImageContext.swift in Sources */ = {isa = PBXBuildFile; fileRef = 50E1C943299A3791007F1020 /* ImageContext.swift */; };
		50E1C981299A3791007F1020 /* DiskStorage.swift in Sources */ = {isa = PBXBuildFile; fileRef = 50E1C944299A3791007F1020 /* DiskStorage.swift */; };
		50E1C982299A3791007F1020 /* NSTextAttachment+Kingfisher.swift in Sources */ = {isa = PBXBuildFile; fileRef = 50E1C945299A3791007F1020 /* NSTextAttachment+Kingfisher.swift */; };
		50E1C983299A3791007F1020 /* Indicator.swift in Sources */ = {isa = PBXBuildFile; fileRef = 50E1C946299A3791007F1020 /* Indicator.swift */; };
		50E1C984299A3791007F1020 /* FormatIndicatedCacheSerializer.swift in Sources */ = {isa = PBXBuildFile; fileRef = 50E1C947299A3791007F1020 /* FormatIndicatedCacheSerializer.swift */; };
		50E1C985299A3791007F1020 /* WKInterfaceImage+Kingfisher.swift in Sources */ = {isa = PBXBuildFile; fileRef = 50E1C948299A3791007F1020 /* WKInterfaceImage+Kingfisher.swift */; };
		50E1C986299A3791007F1020 /* String+MD5.swift in Sources */ = {isa = PBXBuildFile; fileRef = 50E1C949299A3791007F1020 /* String+MD5.swift */; };
		50E1C987299A3791007F1020 /* KFImageOptions.swift in Sources */ = {isa = PBXBuildFile; fileRef = 50E1C94A299A3791007F1020 /* KFImageOptions.swift */; };
		50E1C988299A3791007F1020 /* GIFAnimatedImage.swift in Sources */ = {isa = PBXBuildFile; fileRef = 50E1C94B299A3791007F1020 /* GIFAnimatedImage.swift */; };
		50E1C989299A3791007F1020 /* Storage.swift in Sources */ = {isa = PBXBuildFile; fileRef = 50E1C94C299A3791007F1020 /* Storage.swift */; };
		50E1C98A299A3791007F1020 /* KF.swift in Sources */ = {isa = PBXBuildFile; fileRef = 50E1C94D299A3791007F1020 /* KF.swift */; };
		50E1C98B299A3791007F1020 /* KFImage.swift in Sources */ = {isa = PBXBuildFile; fileRef = 50E1C94E299A3791007F1020 /* KFImage.swift */; };
		50E1C98C299A3791007F1020 /* ImageBinder.swift in Sources */ = {isa = PBXBuildFile; fileRef = 50E1C94F299A3791007F1020 /* ImageBinder.swift */; };
		50E1C98D299A3791007F1020 /* Filter.swift in Sources */ = {isa = PBXBuildFile; fileRef = 50E1C950299A3791007F1020 /* Filter.swift */; };
		50E1C98E299A3791007F1020 /* SessionDataTask.swift in Sources */ = {isa = PBXBuildFile; fileRef = 50E1C951299A3791007F1020 /* SessionDataTask.swift */; };
		50E1C991299A386F007F1020 /* ImageScrollView.swift in Sources */ = {isa = PBXBuildFile; fileRef = 50E1C990299A386F007F1020 /* ImageScrollView.swift */; };
		F4FF95D7245B92E800C19C63 /* ImageSlider.swift in Sources */ = {isa = PBXBuildFile; fileRef = F4FF95D6245B92E800C19C63 /* ImageSlider.swift */; };
/* End PBXBuildFile section */

/* Begin PBXCopyFilesBuildPhase section */
		58B511D91A9E6C8500147676 /* CopyFiles */ = {
			isa = PBXCopyFilesBuildPhase;
			buildActionMask = 2147483647;
			dstPath = "include/$(PRODUCT_NAME)";
			dstSubfolderSpec = 16;
			files = (
			);
			runOnlyForDeploymentPostprocessing = 0;
		};
/* End PBXCopyFilesBuildPhase section */

/* Begin PBXFileReference section */
		134814201AA4EA6300B7C361 /* libImageSlider.a */ = {isa = PBXFileReference; explicitFileType = archive.ar; includeInIndex = 0; path = libImageSlider.a; sourceTree = BUILT_PRODUCTS_DIR; };
		50E1C79029993707007F1020 /* ImageSliderView.swift */ = {isa = PBXFileReference; lastKnownFileType = sourcecode.swift; path = ImageSliderView.swift; sourceTree = "<group>"; };
		50E1C792299938F3007F1020 /* ImageCell.swift */ = {isa = PBXFileReference; lastKnownFileType = sourcecode.swift; path = ImageCell.swift; sourceTree = "<group>"; };
		50E1C898299A23F4007F1020 /* UIImageViewExtension.swift */ = {isa = PBXFileReference; lastKnownFileType = sourcecode.swift; path = UIImageViewExtension.swift; sourceTree = "<group>"; };
		50E1C915299A378E007F1020 /* NSButton+Kingfisher.swift */ = {isa = PBXFileReference; fileEncoding = 4; lastKnownFileType = sourcecode.swift; path = "NSButton+Kingfisher.swift"; sourceTree = "<group>"; };
		50E1C916299A378E007F1020 /* ImageProcessor.swift */ = {isa = PBXFileReference; fileEncoding = 4; lastKnownFileType = sourcecode.swift; path = ImageProcessor.swift; sourceTree = "<group>"; };
		50E1C917299A378E007F1020 /* KingfisherOptionsInfo.swift */ = {isa = PBXFileReference; fileEncoding = 4; lastKnownFileType = sourcecode.swift; path = KingfisherOptionsInfo.swift; sourceTree = "<group>"; };
		50E1C918299A378E007F1020 /* Source.swift */ = {isa = PBXFileReference; fileEncoding = 4; lastKnownFileType = sourcecode.swift; path = Source.swift; sourceTree = "<group>"; };
		50E1C919299A378E007F1020 /* ImageFormat.swift */ = {isa = PBXFileReference; fileEncoding = 4; lastKnownFileType = sourcecode.swift; path = ImageFormat.swift; sourceTree = "<group>"; };
		50E1C91A299A378F007F1020 /* ImageDataProcessor.swift */ = {isa = PBXFileReference; fileEncoding = 4; lastKnownFileType = sourcecode.swift; path = ImageDataProcessor.swift; sourceTree = "<group>"; };
		50E1C91B299A378F007F1020 /* SizeExtensions.swift */ = {isa = PBXFileReference; fileEncoding = 4; lastKnownFileType = sourcecode.swift; path = SizeExtensions.swift; sourceTree = "<group>"; };
		50E1C91C299A378F007F1020 /* ImageProgressive.swift */ = {isa = PBXFileReference; fileEncoding = 4; lastKnownFileType = sourcecode.swift; path = ImageProgressive.swift; sourceTree = "<group>"; };
		50E1C91D299A378F007F1020 /* CacheSerializer.swift */ = {isa = PBXFileReference; fileEncoding = 4; lastKnownFileType = sourcecode.swift; path = CacheSerializer.swift; sourceTree = "<group>"; };
		50E1C91E299A378F007F1020 /* CallbackQueue.swift */ = {isa = PBXFileReference; fileEncoding = 4; lastKnownFileType = sourcecode.swift; path = CallbackQueue.swift; sourceTree = "<group>"; };
		50E1C91F299A378F007F1020 /* ImageDrawing.swift */ = {isa = PBXFileReference; fileEncoding = 4; lastKnownFileType = sourcecode.swift; path = ImageDrawing.swift; sourceTree = "<group>"; };
		50E1C920299A378F007F1020 /* Image.swift */ = {isa = PBXFileReference; fileEncoding = 4; lastKnownFileType = sourcecode.swift; path = Image.swift; sourceTree = "<group>"; };
		50E1C921299A378F007F1020 /* Delegate.swift */ = {isa = PBXFileReference; fileEncoding = 4; lastKnownFileType = sourcecode.swift; path = Delegate.swift; sourceTree = "<group>"; };
		50E1C922299A378F007F1020 /* ImageDownloaderDelegate.swift */ = {isa = PBXFileReference; fileEncoding = 4; lastKnownFileType = sourcecode.swift; path = ImageDownloaderDelegate.swift; sourceTree = "<group>"; };
		50E1C923299A378F007F1020 /* Resource.swift */ = {isa = PBXFileReference; fileEncoding = 4; lastKnownFileType = sourcecode.swift; path = Resource.swift; sourceTree = "<group>"; };
		50E1C924299A378F007F1020 /* Placeholder.swift */ = {isa = PBXFileReference; fileEncoding = 4; lastKnownFileType = sourcecode.swift; path = Placeholder.swift; sourceTree = "<group>"; };
		50E1C925299A378F007F1020 /* ImageModifier.swift */ = {isa = PBXFileReference; fileEncoding = 4; lastKnownFileType = sourcecode.swift; path = ImageModifier.swift; sourceTree = "<group>"; };
		50E1C926299A378F007F1020 /* Runtime.swift */ = {isa = PBXFileReference; fileEncoding = 4; lastKnownFileType = sourcecode.swift; path = Runtime.swift; sourceTree = "<group>"; };
		50E1C927299A378F007F1020 /* KFOptionsSetter.swift */ = {isa = PBXFileReference; fileEncoding = 4; lastKnownFileType = sourcecode.swift; path = KFOptionsSetter.swift; sourceTree = "<group>"; };
		50E1C928299A378F007F1020 /* ImageView+Kingfisher.swift */ = {isa = PBXFileReference; fileEncoding = 4; lastKnownFileType = sourcecode.swift; path = "ImageView+Kingfisher.swift"; sourceTree = "<group>"; };
		50E1C929299A378F007F1020 /* Box.swift */ = {isa = PBXFileReference; fileEncoding = 4; lastKnownFileType = sourcecode.swift; path = Box.swift; sourceTree = "<group>"; };
		50E1C92A299A378F007F1020 /* ImageDownloader.swift */ = {isa = PBXFileReference; fileEncoding = 4; lastKnownFileType = sourcecode.swift; path = ImageDownloader.swift; sourceTree = "<group>"; };
		50E1C92B299A378F007F1020 /* KFImageRenderer.swift */ = {isa = PBXFileReference; fileEncoding = 4; lastKnownFileType = sourcecode.swift; path = KFImageRenderer.swift; sourceTree = "<group>"; };
		50E1C92C299A378F007F1020 /* AVAssetImageDataProvider.swift */ = {isa = PBXFileReference; fileEncoding = 4; lastKnownFileType = sourcecode.swift; path = AVAssetImageDataProvider.swift; sourceTree = "<group>"; };
		50E1C92D299A378F007F1020 /* KFAnimatedImage.swift */ = {isa = PBXFileReference; fileEncoding = 4; lastKnownFileType = sourcecode.swift; path = KFAnimatedImage.swift; sourceTree = "<group>"; };
		50E1C92E299A378F007F1020 /* RedirectHandler.swift */ = {isa = PBXFileReference; fileEncoding = 4; lastKnownFileType = sourcecode.swift; path = RedirectHandler.swift; sourceTree = "<group>"; };
		50E1C92F299A378F007F1020 /* ExtensionHelpers.swift */ = {isa = PBXFileReference; fileEncoding = 4; lastKnownFileType = sourcecode.swift; path = ExtensionHelpers.swift; sourceTree = "<group>"; };
		50E1C930299A3790007F1020 /* AnimatedImageView.swift */ = {isa = PBXFileReference; fileEncoding = 4; lastKnownFileType = sourcecode.swift; path = AnimatedImageView.swift; sourceTree = "<group>"; };
		50E1C931299A3790007F1020 /* GraphicsContext.swift */ = {isa = PBXFileReference; fileEncoding = 4; lastKnownFileType = sourcecode.swift; path = GraphicsContext.swift; sourceTree = "<group>"; };
		50E1C932299A3790007F1020 /* KingfisherError.swift */ = {isa = PBXFileReference; fileEncoding = 4; lastKnownFileType = sourcecode.swift; path = KingfisherError.swift; sourceTree = "<group>"; };
		50E1C933299A3790007F1020 /* ImageCache.swift */ = {isa = PBXFileReference; fileEncoding = 4; lastKnownFileType = sourcecode.swift; path = ImageCache.swift; sourceTree = "<group>"; };
		50E1C934299A3790007F1020 /* KFImageProtocol.swift */ = {isa = PBXFileReference; fileEncoding = 4; lastKnownFileType = sourcecode.swift; path = KFImageProtocol.swift; sourceTree = "<group>"; };
		50E1C935299A3790007F1020 /* SessionDelegate.swift */ = {isa = PBXFileReference; fileEncoding = 4; lastKnownFileType = sourcecode.swift; path = SessionDelegate.swift; sourceTree = "<group>"; };
		50E1C936299A3790007F1020 /* ImageTransition.swift */ = {isa = PBXFileReference; fileEncoding = 4; lastKnownFileType = sourcecode.swift; path = ImageTransition.swift; sourceTree = "<group>"; };
		50E1C937299A3790007F1020 /* ImageDataProvider.swift */ = {isa = PBXFileReference; fileEncoding = 4; lastKnownFileType = sourcecode.swift; path = ImageDataProvider.swift; sourceTree = "<group>"; };
		50E1C938299A3790007F1020 /* RetryStrategy.swift */ = {isa = PBXFileReference; fileEncoding = 4; lastKnownFileType = sourcecode.swift; path = RetryStrategy.swift; sourceTree = "<group>"; };
		50E1C939299A3790007F1020 /* TVMonogramView+Kingfisher.swift */ = {isa = PBXFileReference; fileEncoding = 4; lastKnownFileType = sourcecode.swift; path = "TVMonogramView+Kingfisher.swift"; sourceTree = "<group>"; };
		50E1C93A299A3790007F1020 /* ImagePrefetcher.swift */ = {isa = PBXFileReference; fileEncoding = 4; lastKnownFileType = sourcecode.swift; path = ImagePrefetcher.swift; sourceTree = "<group>"; };
		50E1C93B299A3790007F1020 /* AuthenticationChallengeResponsable.swift */ = {isa = PBXFileReference; fileEncoding = 4; lastKnownFileType = sourcecode.swift; path = AuthenticationChallengeResponsable.swift; sourceTree = "<group>"; };
		50E1C93C299A3790007F1020 /* UIButton+Kingfisher.swift */ = {isa = PBXFileReference; fileEncoding = 4; lastKnownFileType = sourcecode.swift; path = "UIButton+Kingfisher.swift"; sourceTree = "<group>"; };
		50E1C93D299A3790007F1020 /* Result.swift */ = {isa = PBXFileReference; fileEncoding = 4; lastKnownFileType = sourcecode.swift; path = Result.swift; sourceTree = "<group>"; };
		50E1C93E299A3790007F1020 /* CPListItem+Kingfisher.swift */ = {isa = PBXFileReference; fileEncoding = 4; lastKnownFileType = sourcecode.swift; path = "CPListItem+Kingfisher.swift"; sourceTree = "<group>"; };
		50E1C93F299A3790007F1020 /* KingfisherManager.swift */ = {isa = PBXFileReference; fileEncoding = 4; lastKnownFileType = sourcecode.swift; path = KingfisherManager.swift; sourceTree = "<group>"; };
		50E1C940299A3790007F1020 /* RequestModifier.swift */ = {isa = PBXFileReference; fileEncoding = 4; lastKnownFileType = sourcecode.swift; path = RequestModifier.swift; sourceTree = "<group>"; };
		50E1C941299A3790007F1020 /* MemoryStorage.swift */ = {isa = PBXFileReference; fileEncoding = 4; lastKnownFileType = sourcecode.swift; path = MemoryStorage.swift; sourceTree = "<group>"; };
		50E1C942299A3790007F1020 /* Kingfisher.swift */ = {isa = PBXFileReference; fileEncoding = 4; lastKnownFileType = sourcecode.swift; path = Kingfisher.swift; sourceTree = "<group>"; };
		50E1C943299A3791007F1020 /* ImageContext.swift */ = {isa = PBXFileReference; fileEncoding = 4; lastKnownFileType = sourcecode.swift; path = ImageContext.swift; sourceTree = "<group>"; };
		50E1C944299A3791007F1020 /* DiskStorage.swift */ = {isa = PBXFileReference; fileEncoding = 4; lastKnownFileType = sourcecode.swift; path = DiskStorage.swift; sourceTree = "<group>"; };
		50E1C945299A3791007F1020 /* NSTextAttachment+Kingfisher.swift */ = {isa = PBXFileReference; fileEncoding = 4; lastKnownFileType = sourcecode.swift; path = "NSTextAttachment+Kingfisher.swift"; sourceTree = "<group>"; };
		50E1C946299A3791007F1020 /* Indicator.swift */ = {isa = PBXFileReference; fileEncoding = 4; lastKnownFileType = sourcecode.swift; path = Indicator.swift; sourceTree = "<group>"; };
		50E1C947299A3791007F1020 /* FormatIndicatedCacheSerializer.swift */ = {isa = PBXFileReference; fileEncoding = 4; lastKnownFileType = sourcecode.swift; path = FormatIndicatedCacheSerializer.swift; sourceTree = "<group>"; };
		50E1C948299A3791007F1020 /* WKInterfaceImage+Kingfisher.swift */ = {isa = PBXFileReference; fileEncoding = 4; lastKnownFileType = sourcecode.swift; path = "WKInterfaceImage+Kingfisher.swift"; sourceTree = "<group>"; };
		50E1C949299A3791007F1020 /* String+MD5.swift */ = {isa = PBXFileReference; fileEncoding = 4; lastKnownFileType = sourcecode.swift; path = "String+MD5.swift"; sourceTree = "<group>"; };
		50E1C94A299A3791007F1020 /* KFImageOptions.swift */ = {isa = PBXFileReference; fileEncoding = 4; lastKnownFileType = sourcecode.swift; path = KFImageOptions.swift; sourceTree = "<group>"; };
		50E1C94B299A3791007F1020 /* GIFAnimatedImage.swift */ = {isa = PBXFileReference; fileEncoding = 4; lastKnownFileType = sourcecode.swift; path = GIFAnimatedImage.swift; sourceTree = "<group>"; };
		50E1C94C299A3791007F1020 /* Storage.swift */ = {isa = PBXFileReference; fileEncoding = 4; lastKnownFileType = sourcecode.swift; path = Storage.swift; sourceTree = "<group>"; };
		50E1C94D299A3791007F1020 /* KF.swift */ = {isa = PBXFileReference; fileEncoding = 4; lastKnownFileType = sourcecode.swift; path = KF.swift; sourceTree = "<group>"; };
		50E1C94E299A3791007F1020 /* KFImage.swift */ = {isa = PBXFileReference; fileEncoding = 4; lastKnownFileType = sourcecode.swift; path = KFImage.swift; sourceTree = "<group>"; };
		50E1C94F299A3791007F1020 /* ImageBinder.swift */ = {isa = PBXFileReference; fileEncoding = 4; lastKnownFileType = sourcecode.swift; path = ImageBinder.swift; sourceTree = "<group>"; };
		50E1C950299A3791007F1020 /* Filter.swift */ = {isa = PBXFileReference; fileEncoding = 4; lastKnownFileType = sourcecode.swift; path = Filter.swift; sourceTree = "<group>"; };
		50E1C951299A3791007F1020 /* SessionDataTask.swift */ = {isa = PBXFileReference; fileEncoding = 4; lastKnownFileType = sourcecode.swift; path = SessionDataTask.swift; sourceTree = "<group>"; };
		50E1C990299A386F007F1020 /* ImageScrollView.swift */ = {isa = PBXFileReference; lastKnownFileType = sourcecode.swift; path = ImageScrollView.swift; sourceTree = "<group>"; };
		B3E7B5891CC2AC0600A0062D /* ImageSlider.m */ = {isa = PBXFileReference; fileEncoding = 4; lastKnownFileType = sourcecode.c.objc; path = ImageSlider.m; sourceTree = "<group>"; };
		F4FF95D5245B92E700C19C63 /* ImageSlider-Bridging-Header.h */ = {isa = PBXFileReference; lastKnownFileType = sourcecode.c.h; path = "ImageSlider-Bridging-Header.h"; sourceTree = "<group>"; };
		F4FF95D6245B92E800C19C63 /* ImageSlider.swift */ = {isa = PBXFileReference; lastKnownFileType = sourcecode.swift; path = ImageSlider.swift; sourceTree = "<group>"; };
/* End PBXFileReference section */

/* Begin PBXFrameworksBuildPhase section */
		58B511D81A9E6C8500147676 /* Frameworks */ = {
			isa = PBXFrameworksBuildPhase;
			buildActionMask = 2147483647;
			files = (
			);
			runOnlyForDeploymentPostprocessing = 0;
		};
/* End PBXFrameworksBuildPhase section */

/* Begin PBXGroup section */
		134814211AA4EA7D00B7C361 /* Products */ = {
			isa = PBXGroup;
			children = (
				134814201AA4EA6300B7C361 /* libImageSlider.a */,
			);
			name = Products;
			sourceTree = "<group>";
		};
		50E1C897299A23DC007F1020 /* Extensions */ = {
			isa = PBXGroup;
			children = (
				50E1C898299A23F4007F1020 /* UIImageViewExtension.swift */,
			);
			path = Extensions;
			sourceTree = "<group>";
		};
		50E1C89A299A2474007F1020 /* King */ = {
			isa = PBXGroup;
			children = (
				50E1C930299A3790007F1020 /* AnimatedImageView.swift */,
				50E1C93B299A3790007F1020 /* AuthenticationChallengeResponsable.swift */,
				50E1C92C299A378F007F1020 /* AVAssetImageDataProvider.swift */,
				50E1C929299A378F007F1020 /* Box.swift */,
				50E1C91D299A378F007F1020 /* CacheSerializer.swift */,
				50E1C91E299A378F007F1020 /* CallbackQueue.swift */,
				50E1C93E299A3790007F1020 /* CPListItem+Kingfisher.swift */,
				50E1C921299A378F007F1020 /* Delegate.swift */,
				50E1C944299A3791007F1020 /* DiskStorage.swift */,
				50E1C92F299A378F007F1020 /* ExtensionHelpers.swift */,
				50E1C950299A3791007F1020 /* Filter.swift */,
				50E1C947299A3791007F1020 /* FormatIndicatedCacheSerializer.swift */,
				50E1C94B299A3791007F1020 /* GIFAnimatedImage.swift */,
				50E1C931299A3790007F1020 /* GraphicsContext.swift */,
				50E1C920299A378F007F1020 /* Image.swift */,
				50E1C94F299A3791007F1020 /* ImageBinder.swift */,
				50E1C933299A3790007F1020 /* ImageCache.swift */,
				50E1C943299A3791007F1020 /* ImageContext.swift */,
				50E1C91A299A378F007F1020 /* ImageDataProcessor.swift */,
				50E1C937299A3790007F1020 /* ImageDataProvider.swift */,
				50E1C92A299A378F007F1020 /* ImageDownloader.swift */,
				50E1C922299A378F007F1020 /* ImageDownloaderDelegate.swift */,
				50E1C91F299A378F007F1020 /* ImageDrawing.swift */,
				50E1C919299A378E007F1020 /* ImageFormat.swift */,
				50E1C925299A378F007F1020 /* ImageModifier.swift */,
				50E1C93A299A3790007F1020 /* ImagePrefetcher.swift */,
				50E1C916299A378E007F1020 /* ImageProcessor.swift */,
				50E1C91C299A378F007F1020 /* ImageProgressive.swift */,
				50E1C936299A3790007F1020 /* ImageTransition.swift */,
				50E1C928299A378F007F1020 /* ImageView+Kingfisher.swift */,
				50E1C946299A3791007F1020 /* Indicator.swift */,
				50E1C94D299A3791007F1020 /* KF.swift */,
				50E1C92D299A378F007F1020 /* KFAnimatedImage.swift */,
				50E1C94E299A3791007F1020 /* KFImage.swift */,
				50E1C94A299A3791007F1020 /* KFImageOptions.swift */,
				50E1C934299A3790007F1020 /* KFImageProtocol.swift */,
				50E1C92B299A378F007F1020 /* KFImageRenderer.swift */,
				50E1C927299A378F007F1020 /* KFOptionsSetter.swift */,
				50E1C942299A3790007F1020 /* Kingfisher.swift */,
				50E1C932299A3790007F1020 /* KingfisherError.swift */,
				50E1C93F299A3790007F1020 /* KingfisherManager.swift */,
				50E1C917299A378E007F1020 /* KingfisherOptionsInfo.swift */,
				50E1C941299A3790007F1020 /* MemoryStorage.swift */,
				50E1C915299A378E007F1020 /* NSButton+Kingfisher.swift */,
				50E1C945299A3791007F1020 /* NSTextAttachment+Kingfisher.swift */,
				50E1C924299A378F007F1020 /* Placeholder.swift */,
				50E1C92E299A378F007F1020 /* RedirectHandler.swift */,
				50E1C940299A3790007F1020 /* RequestModifier.swift */,
				50E1C923299A378F007F1020 /* Resource.swift */,
				50E1C93D299A3790007F1020 /* Result.swift */,
				50E1C938299A3790007F1020 /* RetryStrategy.swift */,
				50E1C926299A378F007F1020 /* Runtime.swift */,
				50E1C951299A3791007F1020 /* SessionDataTask.swift */,
				50E1C935299A3790007F1020 /* SessionDelegate.swift */,
				50E1C91B299A378F007F1020 /* SizeExtensions.swift */,
				50E1C918299A378E007F1020 /* Source.swift */,
				50E1C94C299A3791007F1020 /* Storage.swift */,
				50E1C949299A3791007F1020 /* String+MD5.swift */,
				50E1C939299A3790007F1020 /* TVMonogramView+Kingfisher.swift */,
				50E1C93C299A3790007F1020 /* UIButton+Kingfisher.swift */,
				50E1C948299A3791007F1020 /* WKInterfaceImage+Kingfisher.swift */,
			);
			path = King;
			sourceTree = "<group>";
		};
		50E1C98F299A385A007F1020 /* CustomViews */ = {
			isa = PBXGroup;
			children = (
				50E1C990299A386F007F1020 /* ImageScrollView.swift */,
			);
			path = CustomViews;
			sourceTree = "<group>";
		};
		58B511D21A9E6C8500147676 = {
			isa = PBXGroup;
			children = (
				50E1C98F299A385A007F1020 /* CustomViews */,
				50E1C89A299A2474007F1020 /* King */,
				50E1C897299A23DC007F1020 /* Extensions */,
				50E1C792299938F3007F1020 /* ImageCell.swift */,
				50E1C79029993707007F1020 /* ImageSliderView.swift */,
				F4FF95D6245B92E800C19C63 /* ImageSlider.swift */,
				B3E7B5891CC2AC0600A0062D /* ImageSlider.m */,
				F4FF95D5245B92E700C19C63 /* ImageSlider-Bridging-Header.h */,
				134814211AA4EA7D00B7C361 /* Products */,
			);
			sourceTree = "<group>";
		};
/* End PBXGroup section */

/* Begin PBXNativeTarget section */
		58B511DA1A9E6C8500147676 /* ImageSlider */ = {
			isa = PBXNativeTarget;
			buildConfigurationList = 58B511EF1A9E6C8500147676 /* Build configuration list for PBXNativeTarget "ImageSlider" */;
			buildPhases = (
				58B511D71A9E6C8500147676 /* Sources */,
				58B511D81A9E6C8500147676 /* Frameworks */,
				58B511D91A9E6C8500147676 /* CopyFiles */,
			);
			buildRules = (
			);
			dependencies = (
			);
			name = ImageSlider;
			productName = RCTDataManager;
			productReference = 134814201AA4EA6300B7C361 /* libImageSlider.a */;
			productType = "com.apple.product-type.library.static";
		};
/* End PBXNativeTarget section */

/* Begin PBXProject section */
		58B511D31A9E6C8500147676 /* Project object */ = {
			isa = PBXProject;
			attributes = {
				LastUpgradeCheck = 0920;
				ORGANIZATIONNAME = Facebook;
				TargetAttributes = {
					58B511DA1A9E6C8500147676 = {
						CreatedOnToolsVersion = 6.1.1;
					};
				};
			};
			buildConfigurationList = 58B511D61A9E6C8500147676 /* Build configuration list for PBXProject "ImageSlider" */;
			compatibilityVersion = "Xcode 3.2";
			developmentRegion = English;
			hasScannedForEncodings = 0;
			knownRegions = (
				English,
				en,
			);
			mainGroup = 58B511D21A9E6C8500147676;
			productRefGroup = 58B511D21A9E6C8500147676;
			projectDirPath = "";
			projectRoot = "";
			targets = (
				58B511DA1A9E6C8500147676 /* ImageSlider */,
			);
		};
/* End PBXProject section */

/* Begin PBXSourcesBuildPhase section */
		58B511D71A9E6C8500147676 /* Sources */ = {
			isa = PBXSourcesBuildPhase;
			buildActionMask = 2147483647;
			files = (
				50E1C988299A3791007F1020 /* GIFAnimatedImage.swift in Sources */,
				50E1C955299A3791007F1020 /* Source.swift in Sources */,
				50E1C97E299A3791007F1020 /* MemoryStorage.swift in Sources */,
				50E1C952299A3791007F1020 /* NSButton+Kingfisher.swift in Sources */,
				50E1C96E299A3791007F1020 /* GraphicsContext.swift in Sources */,
				50E1C98C299A3791007F1020 /* ImageBinder.swift in Sources */,
				50E1C967299A3791007F1020 /* ImageDownloader.swift in Sources */,
				50E1C98B299A3791007F1020 /* KFImage.swift in Sources */,
				50E1C987299A3791007F1020 /* KFImageOptions.swift in Sources */,
				50E1C958299A3791007F1020 /* SizeExtensions.swift in Sources */,
				50E1C970299A3791007F1020 /* ImageCache.swift in Sources */,
				50E1C978299A3791007F1020 /* AuthenticationChallengeResponsable.swift in Sources */,
				F4FF95D7245B92E800C19C63 /* ImageSlider.swift in Sources */,
				50E1C98D299A3791007F1020 /* Filter.swift in Sources */,
				50E1C79129993707007F1020 /* ImageSliderView.swift in Sources */,
				50E1C98E299A3791007F1020 /* SessionDataTask.swift in Sources */,
				50E1C95F299A3791007F1020 /* ImageDownloaderDelegate.swift in Sources */,
				50E1C963299A3791007F1020 /* Runtime.swift in Sources */,
				50E1C969299A3791007F1020 /* AVAssetImageDataProvider.swift in Sources */,
				50E1C98A299A3791007F1020 /* KF.swift in Sources */,
				50E1C974299A3791007F1020 /* ImageDataProvider.swift in Sources */,
				50E1C964299A3791007F1020 /* KFOptionsSetter.swift in Sources */,
				50E1C97F299A3791007F1020 /* Kingfisher.swift in Sources */,
				50E1C965299A3791007F1020 /* ImageView+Kingfisher.swift in Sources */,
				50E1C959299A3791007F1020 /* ImageProgressive.swift in Sources */,
				50E1C96B299A3791007F1020 /* RedirectHandler.swift in Sources */,
				50E1C95B299A3791007F1020 /* CallbackQueue.swift in Sources */,
				50E1C991299A386F007F1020 /* ImageScrollView.swift in Sources */,
				50E1C962299A3791007F1020 /* ImageModifier.swift in Sources */,
				50E1C982299A3791007F1020 /* NSTextAttachment+Kingfisher.swift in Sources */,
				50E1C976299A3791007F1020 /* TVMonogramView+Kingfisher.swift in Sources */,
				50E1C977299A3791007F1020 /* ImagePrefetcher.swift in Sources */,
				50E1C899299A23F4007F1020 /* UIImageViewExtension.swift in Sources */,
				50E1C953299A3791007F1020 /* ImageProcessor.swift in Sources */,
				50E1C979299A3791007F1020 /* UIButton+Kingfisher.swift in Sources */,
				50E1C989299A3791007F1020 /* Storage.swift in Sources */,
				50E1C97D299A3791007F1020 /* RequestModifier.swift in Sources */,
				50E1C968299A3791007F1020 /* KFImageRenderer.swift in Sources */,
				50E1C985299A3791007F1020 /* WKInterfaceImage+Kingfisher.swift in Sources */,
				50E1C966299A3791007F1020 /* Box.swift in Sources */,
				50E1C96D299A3791007F1020 /* AnimatedImageView.swift in Sources */,
				50E1C973299A3791007F1020 /* ImageTransition.swift in Sources */,
				50E1C972299A3791007F1020 /* SessionDelegate.swift in Sources */,
				50E1C96A299A3791007F1020 /* KFAnimatedImage.swift in Sources */,
				50E1C980299A3791007F1020 /* ImageContext.swift in Sources */,
				50E1C95E299A3791007F1020 /* Delegate.swift in Sources */,
				50E1C97B299A3791007F1020 /* CPListItem+Kingfisher.swift in Sources */,
				50E1C961299A3791007F1020 /* Placeholder.swift in Sources */,
				50E1C95D299A3791007F1020 /* Image.swift in Sources */,
				50E1C971299A3791007F1020 /* KFImageProtocol.swift in Sources */,
				50E1C960299A3791007F1020 /* Resource.swift in Sources */,
				50E1C975299A3791007F1020 /* RetryStrategy.swift in Sources */,
				50E1C97A299A3791007F1020 /* Result.swift in Sources */,
				50E1C983299A3791007F1020 /* Indicator.swift in Sources */,
				50E1C97C299A3791007F1020 /* KingfisherManager.swift in Sources */,
				50E1C95C299A3791007F1020 /* ImageDrawing.swift in Sources */,
				50E1C981299A3791007F1020 /* DiskStorage.swift in Sources */,
				50E1C95A299A3791007F1020 /* CacheSerializer.swift in Sources */,
				50E1C957299A3791007F1020 /* ImageDataProcessor.swift in Sources */,
				50E1C956299A3791007F1020 /* ImageFormat.swift in Sources */,
				50E1C793299938F3007F1020 /* ImageCell.swift in Sources */,
				50E1C984299A3791007F1020 /* FormatIndicatedCacheSerializer.swift in Sources */,
				50E1C96C299A3791007F1020 /* ExtensionHelpers.swift in Sources */,
				50E1C986299A3791007F1020 /* String+MD5.swift in Sources */,
				50E1C96F299A3791007F1020 /* KingfisherError.swift in Sources */,
				50E1C954299A3791007F1020 /* KingfisherOptionsInfo.swift in Sources */,
			);
			runOnlyForDeploymentPostprocessing = 0;
		};
/* End PBXSourcesBuildPhase section */

/* Begin XCBuildConfiguration section */
		58B511ED1A9E6C8500147676 /* Debug */ = {
			isa = XCBuildConfiguration;
			buildSettings = {
				ALWAYS_SEARCH_USER_PATHS = NO;
				CLANG_CXX_LANGUAGE_STANDARD = "gnu++0x";
				CLANG_CXX_LIBRARY = "libc++";
				CLANG_ENABLE_MODULES = YES;
				CLANG_ENABLE_OBJC_ARC = YES;
				CLANG_WARN_BLOCK_CAPTURE_AUTORELEASING = YES;
				CLANG_WARN_BOOL_CONVERSION = YES;
				CLANG_WARN_COMMA = YES;
				CLANG_WARN_CONSTANT_CONVERSION = YES;
				CLANG_WARN_DIRECT_OBJC_ISA_USAGE = YES_ERROR;
				CLANG_WARN_EMPTY_BODY = YES;
				CLANG_WARN_ENUM_CONVERSION = YES;
				CLANG_WARN_INFINITE_RECURSION = YES;
				CLANG_WARN_INT_CONVERSION = YES;
				CLANG_WARN_NON_LITERAL_NULL_CONVERSION = YES;
				CLANG_WARN_OBJC_LITERAL_CONVERSION = YES;
				CLANG_WARN_OBJC_ROOT_CLASS = YES_ERROR;
				CLANG_WARN_RANGE_LOOP_ANALYSIS = YES;
				CLANG_WARN_STRICT_PROTOTYPES = YES;
				CLANG_WARN_SUSPICIOUS_MOVE = YES;
				CLANG_WARN_UNREACHABLE_CODE = YES;
				CLANG_WARN__DUPLICATE_METHOD_MATCH = YES;
				COPY_PHASE_STRIP = NO;
				ENABLE_STRICT_OBJC_MSGSEND = YES;
				ENABLE_TESTABILITY = YES;
				"EXCLUDED_ARCHS[sdk=*]" = arm64;
				GCC_C_LANGUAGE_STANDARD = gnu99;
				GCC_DYNAMIC_NO_PIC = NO;
				GCC_NO_COMMON_BLOCKS = YES;
				GCC_OPTIMIZATION_LEVEL = 0;
				GCC_PREPROCESSOR_DEFINITIONS = (
					"DEBUG=1",
					"$(inherited)",
				);
				GCC_SYMBOLS_PRIVATE_EXTERN = NO;
				GCC_WARN_64_TO_32_BIT_CONVERSION = YES;
				GCC_WARN_ABOUT_RETURN_TYPE = YES_ERROR;
				GCC_WARN_UNDECLARED_SELECTOR = YES;
				GCC_WARN_UNINITIALIZED_AUTOS = YES_AGGRESSIVE;
				GCC_WARN_UNUSED_FUNCTION = YES;
				GCC_WARN_UNUSED_VARIABLE = YES;
				IPHONEOS_DEPLOYMENT_TARGET = 12.0;
				MTL_ENABLE_DEBUG_INFO = YES;
				ONLY_ACTIVE_ARCH = YES;
				SDKROOT = iphoneos;
			};
			name = Debug;
		};
		58B511EE1A9E6C8500147676 /* Release */ = {
			isa = XCBuildConfiguration;
			buildSettings = {
				ALWAYS_SEARCH_USER_PATHS = NO;
				CLANG_CXX_LANGUAGE_STANDARD = "gnu++0x";
				CLANG_CXX_LIBRARY = "libc++";
				CLANG_ENABLE_MODULES = YES;
				CLANG_ENABLE_OBJC_ARC = YES;
				CLANG_WARN_BLOCK_CAPTURE_AUTORELEASING = YES;
				CLANG_WARN_BOOL_CONVERSION = YES;
				CLANG_WARN_COMMA = YES;
				CLANG_WARN_CONSTANT_CONVERSION = YES;
				CLANG_WARN_DIRECT_OBJC_ISA_USAGE = YES_ERROR;
				CLANG_WARN_EMPTY_BODY = YES;
				CLANG_WARN_ENUM_CONVERSION = YES;
				CLANG_WARN_INFINITE_RECURSION = YES;
				CLANG_WARN_INT_CONVERSION = YES;
				CLANG_WARN_NON_LITERAL_NULL_CONVERSION = YES;
				CLANG_WARN_OBJC_LITERAL_CONVERSION = YES;
				CLANG_WARN_OBJC_ROOT_CLASS = YES_ERROR;
				CLANG_WARN_RANGE_LOOP_ANALYSIS = YES;
				CLANG_WARN_STRICT_PROTOTYPES = YES;
				CLANG_WARN_SUSPICIOUS_MOVE = YES;
				CLANG_WARN_UNREACHABLE_CODE = YES;
				CLANG_WARN__DUPLICATE_METHOD_MATCH = YES;
				COPY_PHASE_STRIP = YES;
				ENABLE_NS_ASSERTIONS = NO;
				ENABLE_STRICT_OBJC_MSGSEND = YES;
				"EXCLUDED_ARCHS[sdk=*]" = arm64;
				GCC_C_LANGUAGE_STANDARD = gnu99;
				GCC_NO_COMMON_BLOCKS = YES;
				GCC_WARN_64_TO_32_BIT_CONVERSION = YES;
				GCC_WARN_ABOUT_RETURN_TYPE = YES_ERROR;
				GCC_WARN_UNDECLARED_SELECTOR = YES;
				GCC_WARN_UNINITIALIZED_AUTOS = YES_AGGRESSIVE;
				GCC_WARN_UNUSED_FUNCTION = YES;
				GCC_WARN_UNUSED_VARIABLE = YES;
				IPHONEOS_DEPLOYMENT_TARGET = 12.0;
				MTL_ENABLE_DEBUG_INFO = NO;
				SDKROOT = iphoneos;
				VALIDATE_PRODUCT = YES;
			};
			name = Release;
		};
		58B511F01A9E6C8500147676 /* Debug */ = {
			isa = XCBuildConfiguration;
			buildSettings = {
				HEADER_SEARCH_PATHS = (
					"$(inherited)",
					/Applications/Xcode.app/Contents/Developer/Toolchains/XcodeDefault.xctoolchain/usr/include,
					"$(SRCROOT)/../../../React/**",
					"$(SRCROOT)/../../react-native/React/**",
				);
				LIBRARY_SEARCH_PATHS = "$(inherited)";
				OTHER_LDFLAGS = "-ObjC";
				PRODUCT_NAME = ImageSlider;
				SKIP_INSTALL = YES;
				SWIFT_OBJC_BRIDGING_HEADER = "ImageSlider-Bridging-Header.h";
				SWIFT_OPTIMIZATION_LEVEL = "-Onone";
				SWIFT_VERSION = 5.0;
			};
			name = Debug;
		};
		58B511F11A9E6C8500147676 /* Release */ = {
			isa = XCBuildConfiguration;
			buildSettings = {
				HEADER_SEARCH_PATHS = (
					"$(inherited)",
					/Applications/Xcode.app/Contents/Developer/Toolchains/XcodeDefault.xctoolchain/usr/include,
					"$(SRCROOT)/../../../React/**",
					"$(SRCROOT)/../../react-native/React/**",
				);
				LIBRARY_SEARCH_PATHS = "$(inherited)";
				OTHER_LDFLAGS = "-ObjC";
				PRODUCT_NAME = ImageSlider;
				SKIP_INSTALL = YES;
				SWIFT_OBJC_BRIDGING_HEADER = "ImageSlider-Bridging-Header.h";
				SWIFT_VERSION = 5.0;
			};
			name = Release;
		};
/* End XCBuildConfiguration section */

/* Begin XCConfigurationList section */
		58B511D61A9E6C8500147676 /* Build configuration list for PBXProject "ImageSlider" */ = {
			isa = XCConfigurationList;
			buildConfigurations = (
				58B511ED1A9E6C8500147676 /* Debug */,
				58B511EE1A9E6C8500147676 /* Release */,
			);
			defaultConfigurationIsVisible = 0;
			defaultConfigurationName = Release;
		};
		58B511EF1A9E6C8500147676 /* Build configuration list for PBXNativeTarget "ImageSlider" */ = {
			isa = XCConfigurationList;
			buildConfigurations = (
				58B511F01A9E6C8500147676 /* Debug */,
				58B511F11A9E6C8500147676 /* Release */,
			);
			defaultConfigurationIsVisible = 0;
			defaultConfigurationName = Release;
		};
/* End XCConfigurationList section */
	};
	rootObject = 58B511D31A9E6C8500147676 /* Project object */;
}
